
Microsoft Visual Studio Solution File, Format Version 12.00
# Visual Studio Version 16
VisualStudioVersion = 16.0.31702.278
MinimumVisualStudioVersion = 10.0.40219.1
Project("{FAE04EC0-301F-11D3-BF4B-00C04F79EFBC}") = "LewyShop", "LewyShop\LewyShop.csproj", "{31EC2260-F9DE-4F0F-B034-DE38BD4F8273}"
EndProject
Global
	GlobalSection(SolutionConfigurationPlatforms) = preSolution
		Debug|Any CPU = Debug|Any CPU
		Release|Any CPU = Release|Any CPU
	EndGlobalSection
	GlobalSection(ProjectConfigurationPlatforms) = postSolution
		{31EC2260-F9DE-4F0F-B034-DE38BD4F8273}.Debug|Any CPU.ActiveCfg = Debug|Any CPU
		{31EC2260-F9DE-4F0F-B034-DE38BD4F8273}.Debug|Any CPU.Build.0 = Debug|Any CPU
		{31EC2260-F9DE-4F0F-B034-DE38BD4F8273}.Release|Any CPU.ActiveCfg = Release|Any CPU
		{31EC2260-F9DE-4F0F-B034-DE38BD4F8273}.Release|Any CPU.Build.0 = Release|Any CPU
	EndGlobalSection
	GlobalSection(SolutionProperties) = preSolution
		HideSolutionNode = FALSE
	EndGlobalSection
	GlobalSection(ExtensibilityGlobals) = postSolution
		SolutionGuid = {3412D346-BAC5-47AC-9DC0-F990F532513D}
	EndGlobalSection
EndGlobal
